
Microsoft Visual Studio Solution File, Format Version 12.00
# Visual Studio Version 17
VisualStudioVersion = 17.6.33801.468
MinimumVisualStudioVersion = 10.0.40219.1
Project("{FAE04EC0-301F-11D3-BF4B-00C04F79EFBC}") = "OneToManyRelationshipUsingFluentAPI", "OneToManyRelationshipUsingFluentAPI\OneToManyRelationshipUsingFluentAPI.csproj", "{BCE1EE89-23A7-49E7-9A3D-426D9F97A1B3}"
EndProject
Global
	GlobalSection(SolutionConfigurationPlatforms) = preSolution
		Debug|Any CPU = Debug|Any CPU
		Release|Any CPU = Release|Any CPU
	EndGlobalSection
	GlobalSection(ProjectConfigurationPlatforms) = postSolution
		{BCE1EE89-23A7-49E7-9A3D-426D9F97A1B3}.Debug|Any CPU.ActiveCfg = Debug|Any CPU
		{BCE1EE89-23A7-49E7-9A3D-426D9F97A1B3}.Debug|Any CPU.Build.0 = Debug|Any CPU
		{BCE1EE89-23A7-49E7-9A3D-426D9F97A1B3}.Release|Any CPU.ActiveCfg = Release|Any CPU
		{BCE1EE89-23A7-49E7-9A3D-426D9F97A1B3}.Release|Any CPU.Build.0 = Release|Any CPU
	EndGlobalSection
	GlobalSection(SolutionProperties) = preSolution
		HideSolutionNode = FALSE
	EndGlobalSection
	GlobalSection(ExtensibilityGlobals) = postSolution
		SolutionGuid = {639E067E-3E04-449D-870B-2A78AEEEE4FC}
	EndGlobalSection
EndGlobal
