
Microsoft Visual Studio Solution File, Format Version 12.00
# Visual Studio Version 17
VisualStudioVersion = 17.6.33801.468
MinimumVisualStudioVersion = 10.0.40219.1
Project("{FAE04EC0-301F-11D3-BF4B-00C04F79EFBC}") = "SelfReferenceRelationshipUsingFluentAPI", "SelfReferenceRelationshipUsingFluentAPI\SelfReferenceRelationshipUsingFluentAPI.csproj", "{727135B2-97AA-46BF-954D-32FE2ECD6103}"
EndProject
Global
	GlobalSection(SolutionConfigurationPlatforms) = preSolution
		Debug|Any CPU = Debug|Any CPU
		Release|Any CPU = Release|Any CPU
	EndGlobalSection
	GlobalSection(ProjectConfigurationPlatforms) = postSolution
		{727135B2-97AA-46BF-954D-32FE2ECD6103}.Debug|Any CPU.ActiveCfg = Debug|Any CPU
		{727135B2-97AA-46BF-954D-32FE2ECD6103}.Debug|Any CPU.Build.0 = Debug|Any CPU
		{727135B2-97AA-46BF-954D-32FE2ECD6103}.Release|Any CPU.ActiveCfg = Release|Any CPU
		{727135B2-97AA-46BF-954D-32FE2ECD6103}.Release|Any CPU.Build.0 = Release|Any CPU
	EndGlobalSection
	GlobalSection(SolutionProperties) = preSolution
		HideSolutionNode = FALSE
	EndGlobalSection
	GlobalSection(ExtensibilityGlobals) = postSolution
		SolutionGuid = {28209A9F-C08C-43A2-84C1-621FF25F0E71}
	EndGlobalSection
EndGlobal
