
Microsoft Visual Studio Solution File, Format Version 12.00
# Visual Studio Version 17
VisualStudioVersion = 17.6.33801.468
MinimumVisualStudioVersion = 10.0.40219.1
Project("{FAE04EC0-301F-11D3-BF4B-00C04F79EFBC}") = "FirstEFCoreApp", "FirstEFCoreApp\FirstEFCoreApp.csproj", "{7581F083-99E1-43A8-B4EB-C05A32B0DC21}"
EndProject
Global
	GlobalSection(SolutionConfigurationPlatforms) = preSolution
		Debug|Any CPU = Debug|Any CPU
		Release|Any CPU = Release|Any CPU
	EndGlobalSection
	GlobalSection(ProjectConfigurationPlatforms) = postSolution
		{7581F083-99E1-43A8-B4EB-C05A32B0DC21}.Debug|Any CPU.ActiveCfg = Debug|Any CPU
		{7581F083-99E1-43A8-B4EB-C05A32B0DC21}.Debug|Any CPU.Build.0 = Debug|Any CPU
		{7581F083-99E1-43A8-B4EB-C05A32B0DC21}.Release|Any CPU.ActiveCfg = Release|Any CPU
		{7581F083-99E1-43A8-B4EB-C05A32B0DC21}.Release|Any CPU.Build.0 = Release|Any CPU
	EndGlobalSection
	GlobalSection(SolutionProperties) = preSolution
		HideSolutionNode = FALSE
	EndGlobalSection
	GlobalSection(ExtensibilityGlobals) = postSolution
		SolutionGuid = {C2C48B67-1242-4F2D-9F48-8194790D3B3F}
	EndGlobalSection
EndGlobal
