
Microsoft Visual Studio Solution File, Format Version 12.00
# Visual Studio Version 17
VisualStudioVersion = 17.6.33801.468
MinimumVisualStudioVersion = 10.0.40219.1
Project("{FAE04EC0-301F-11D3-BF4B-00C04F79EFBC}") = "LinqInEFCore", "LinqInEFCore\LinqInEFCore.csproj", "{AA4E9A88-2D9E-430E-A67A-868FD306CE26}"
EndProject
Global
	GlobalSection(SolutionConfigurationPlatforms) = preSolution
		Debug|Any CPU = Debug|Any CPU
		Release|Any CPU = Release|Any CPU
	EndGlobalSection
	GlobalSection(ProjectConfigurationPlatforms) = postSolution
		{AA4E9A88-2D9E-430E-A67A-868FD306CE26}.Debug|Any CPU.ActiveCfg = Debug|Any CPU
		{AA4E9A88-2D9E-430E-A67A-868FD306CE26}.Debug|Any CPU.Build.0 = Debug|Any CPU
		{AA4E9A88-2D9E-430E-A67A-868FD306CE26}.Release|Any CPU.ActiveCfg = Release|Any CPU
		{AA4E9A88-2D9E-430E-A67A-868FD306CE26}.Release|Any CPU.Build.0 = Release|Any CPU
	EndGlobalSection
	GlobalSection(SolutionProperties) = preSolution
		HideSolutionNode = FALSE
	EndGlobalSection
	GlobalSection(ExtensibilityGlobals) = postSolution
		SolutionGuid = {EF21BED0-B6D2-4F78-A8E4-0C6262B00D58}
	EndGlobalSection
EndGlobal
